
Microsoft Visual Studio Solution File, Format Version 12.00
# Visual Studio Version 16
VisualStudioVersion = 16.0.30002.166
MinimumVisualStudioVersion = 10.0.40219.1
Project("{FAE04EC0-301F-11D3-BF4B-00C04F79EFBC}") = "TPC_QUINTANA", "TPC_QUINTANA\TPC_QUINTANA.csproj", "{72DC2C87-3324-4318-8881-F6CA33190A37}"
EndProject
Project("{FAE04EC0-301F-11D3-BF4B-00C04F79EFBC}") = "Dominio", "Dominio\Dominio.csproj", "{25EB1BDB-64E6-4754-A6DD-1C45AD954285}"
EndProject
Project("{FAE04EC0-301F-11D3-BF4B-00C04F79EFBC}") = "Negocio", "Negocio\Negocio.csproj", "{8C942BBB-846B-468A-B6EF-F629A4C44567}"
EndProject
Global
	GlobalSection(SolutionConfigurationPlatforms) = preSolution
		Debug|Any CPU = Debug|Any CPU
		Release|Any CPU = Release|Any CPU
	EndGlobalSection
	GlobalSection(ProjectConfigurationPlatforms) = postSolution
		{72DC2C87-3324-4318-8881-F6CA33190A37}.Debug|Any CPU.ActiveCfg = Debug|Any CPU
		{72DC2C87-3324-4318-8881-F6CA33190A37}.Debug|Any CPU.Build.0 = Debug|Any CPU
		{72DC2C87-3324-4318-8881-F6CA33190A37}.Release|Any CPU.ActiveCfg = Release|Any CPU
		{72DC2C87-3324-4318-8881-F6CA33190A37}.Release|Any CPU.Build.0 = Release|Any CPU
		{25EB1BDB-64E6-4754-A6DD-1C45AD954285}.Debug|Any CPU.ActiveCfg = Debug|Any CPU
		{25EB1BDB-64E6-4754-A6DD-1C45AD954285}.Debug|Any CPU.Build.0 = Debug|Any CPU
		{25EB1BDB-64E6-4754-A6DD-1C45AD954285}.Release|Any CPU.ActiveCfg = Release|Any CPU
		{25EB1BDB-64E6-4754-A6DD-1C45AD954285}.Release|Any CPU.Build.0 = Release|Any CPU
		{8C942BBB-846B-468A-B6EF-F629A4C44567}.Debug|Any CPU.ActiveCfg = Debug|Any CPU
		{8C942BBB-846B-468A-B6EF-F629A4C44567}.Debug|Any CPU.Build.0 = Debug|Any CPU
		{8C942BBB-846B-468A-B6EF-F629A4C44567}.Release|Any CPU.ActiveCfg = Release|Any CPU
		{8C942BBB-846B-468A-B6EF-F629A4C44567}.Release|Any CPU.Build.0 = Release|Any CPU
	EndGlobalSection
	GlobalSection(SolutionProperties) = preSolution
		HideSolutionNode = FALSE
	EndGlobalSection
	GlobalSection(ExtensibilityGlobals) = postSolution
		SolutionGuid = {3F1EDD5C-46B9-4B0B-8736-1AF2823B648A}
	EndGlobalSection
EndGlobal
